
Microsoft Visual Studio Solution File, Format Version 12.00
# Visual Studio 15
VisualStudioVersion = 15.0.26124.0
MinimumVisualStudioVersion = 15.0.26124.0
Project("{F2A71F9B-5D33-465A-A702-920D77279786}") = "LifeTest", "LifeTest\LifeTest.fsproj", "{9BD8BD1C-6AA3-4BED-873F-7C7B6E81FAEA}"
EndProject
Project("{F2A71F9B-5D33-465A-A702-920D77279786}") = "Life", "Life\Life.fsproj", "{A0CC77A1-C667-4541-BC13-1E8E42D8989C}"
EndProject
Global
	GlobalSection(SolutionConfigurationPlatforms) = preSolution
		Debug|Any CPU = Debug|Any CPU
		Debug|x64 = Debug|x64
		Debug|x86 = Debug|x86
		Release|Any CPU = Release|Any CPU
		Release|x64 = Release|x64
		Release|x86 = Release|x86
	EndGlobalSection
	GlobalSection(SolutionProperties) = preSolution
		HideSolutionNode = FALSE
	EndGlobalSection
	GlobalSection(ProjectConfigurationPlatforms) = postSolution
		{9BD8BD1C-6AA3-4BED-873F-7C7B6E81FAEA}.Debug|Any CPU.ActiveCfg = Debug|Any CPU
		{9BD8BD1C-6AA3-4BED-873F-7C7B6E81FAEA}.Debug|Any CPU.Build.0 = Debug|Any CPU
		{9BD8BD1C-6AA3-4BED-873F-7C7B6E81FAEA}.Debug|x64.ActiveCfg = Debug|Any CPU
		{9BD8BD1C-6AA3-4BED-873F-7C7B6E81FAEA}.Debug|x64.Build.0 = Debug|Any CPU
		{9BD8BD1C-6AA3-4BED-873F-7C7B6E81FAEA}.Debug|x86.ActiveCfg = Debug|Any CPU
		{9BD8BD1C-6AA3-4BED-873F-7C7B6E81FAEA}.Debug|x86.Build.0 = Debug|Any CPU
		{9BD8BD1C-6AA3-4BED-873F-7C7B6E81FAEA}.Release|Any CPU.ActiveCfg = Release|Any CPU
		{9BD8BD1C-6AA3-4BED-873F-7C7B6E81FAEA}.Release|Any CPU.Build.0 = Release|Any CPU
		{9BD8BD1C-6AA3-4BED-873F-7C7B6E81FAEA}.Release|x64.ActiveCfg = Release|Any CPU
		{9BD8BD1C-6AA3-4BED-873F-7C7B6E81FAEA}.Release|x64.Build.0 = Release|Any CPU
		{9BD8BD1C-6AA3-4BED-873F-7C7B6E81FAEA}.Release|x86.ActiveCfg = Release|Any CPU
		{9BD8BD1C-6AA3-4BED-873F-7C7B6E81FAEA}.Release|x86.Build.0 = Release|Any CPU
		{A0CC77A1-C667-4541-BC13-1E8E42D8989C}.Debug|Any CPU.ActiveCfg = Debug|Any CPU
		{A0CC77A1-C667-4541-BC13-1E8E42D8989C}.Debug|Any CPU.Build.0 = Debug|Any CPU
		{A0CC77A1-C667-4541-BC13-1E8E42D8989C}.Debug|x64.ActiveCfg = Debug|Any CPU
		{A0CC77A1-C667-4541-BC13-1E8E42D8989C}.Debug|x64.Build.0 = Debug|Any CPU
		{A0CC77A1-C667-4541-BC13-1E8E42D8989C}.Debug|x86.ActiveCfg = Debug|Any CPU
		{A0CC77A1-C667-4541-BC13-1E8E42D8989C}.Debug|x86.Build.0 = Debug|Any CPU
		{A0CC77A1-C667-4541-BC13-1E8E42D8989C}.Release|Any CPU.ActiveCfg = Release|Any CPU
		{A0CC77A1-C667-4541-BC13-1E8E42D8989C}.Release|Any CPU.Build.0 = Release|Any CPU
		{A0CC77A1-C667-4541-BC13-1E8E42D8989C}.Release|x64.ActiveCfg = Release|Any CPU
		{A0CC77A1-C667-4541-BC13-1E8E42D8989C}.Release|x64.Build.0 = Release|Any CPU
		{A0CC77A1-C667-4541-BC13-1E8E42D8989C}.Release|x86.ActiveCfg = Release|Any CPU
		{A0CC77A1-C667-4541-BC13-1E8E42D8989C}.Release|x86.Build.0 = Release|Any CPU
	EndGlobalSection
EndGlobal
